
Microsoft Visual Studio Solution File, Format Version 12.00
# Visual Studio Version 16
VisualStudioVersion = 16.0.30114.105
MinimumVisualStudioVersion = 10.0.40219.1
Project("{FAE04EC0-301F-11D3-BF4B-00C04F79EFBC}") = "Calculator", "Calculator\Calculator.csproj", "{51FA9E91-35D6-4B3A-8DA2-F6CC9B978E29}"
EndProject
Project("{FAE04EC0-301F-11D3-BF4B-00C04F79EFBC}") = "Calculator.Tests", "Calculator.Tests\Calculator.Tests.csproj", "{9F567D8F-CF2D-4C4A-A741-4CD2737CD67D}"
EndProject
Project("{FAE04EC0-301F-11D3-BF4B-00C04F79EFBC}") = "Consumer", "Consumer\Consumer.csproj", "{5BE06CFF-33A3-4239-B22F-07B7DDC6500C}"
EndProject
Global
	GlobalSection(SolutionConfigurationPlatforms) = preSolution
		Debug|Any CPU = Debug|Any CPU
		Debug|x64 = Debug|x64
		Debug|x86 = Debug|x86
		Release|Any CPU = Release|Any CPU
		Release|x64 = Release|x64
		Release|x86 = Release|x86
	EndGlobalSection
	GlobalSection(SolutionProperties) = preSolution
		HideSolutionNode = FALSE
	EndGlobalSection
	GlobalSection(ProjectConfigurationPlatforms) = postSolution
		{51FA9E91-35D6-4B3A-8DA2-F6CC9B978E29}.Debug|Any CPU.ActiveCfg = Debug|Any CPU
		{51FA9E91-35D6-4B3A-8DA2-F6CC9B978E29}.Debug|Any CPU.Build.0 = Debug|Any CPU
		{51FA9E91-35D6-4B3A-8DA2-F6CC9B978E29}.Debug|x64.ActiveCfg = Debug|Any CPU
		{51FA9E91-35D6-4B3A-8DA2-F6CC9B978E29}.Debug|x64.Build.0 = Debug|Any CPU
		{51FA9E91-35D6-4B3A-8DA2-F6CC9B978E29}.Debug|x86.ActiveCfg = Debug|Any CPU
		{51FA9E91-35D6-4B3A-8DA2-F6CC9B978E29}.Debug|x86.Build.0 = Debug|Any CPU
		{51FA9E91-35D6-4B3A-8DA2-F6CC9B978E29}.Release|Any CPU.ActiveCfg = Release|Any CPU
		{51FA9E91-35D6-4B3A-8DA2-F6CC9B978E29}.Release|Any CPU.Build.0 = Release|Any CPU
		{51FA9E91-35D6-4B3A-8DA2-F6CC9B978E29}.Release|x64.ActiveCfg = Release|Any CPU
		{51FA9E91-35D6-4B3A-8DA2-F6CC9B978E29}.Release|x64.Build.0 = Release|Any CPU
		{51FA9E91-35D6-4B3A-8DA2-F6CC9B978E29}.Release|x86.ActiveCfg = Release|Any CPU
		{51FA9E91-35D6-4B3A-8DA2-F6CC9B978E29}.Release|x86.Build.0 = Release|Any CPU
		{9F567D8F-CF2D-4C4A-A741-4CD2737CD67D}.Debug|Any CPU.ActiveCfg = Debug|Any CPU
		{9F567D8F-CF2D-4C4A-A741-4CD2737CD67D}.Debug|Any CPU.Build.0 = Debug|Any CPU
		{9F567D8F-CF2D-4C4A-A741-4CD2737CD67D}.Debug|x64.ActiveCfg = Debug|Any CPU
		{9F567D8F-CF2D-4C4A-A741-4CD2737CD67D}.Debug|x64.Build.0 = Debug|Any CPU
		{9F567D8F-CF2D-4C4A-A741-4CD2737CD67D}.Debug|x86.ActiveCfg = Debug|Any CPU
		{9F567D8F-CF2D-4C4A-A741-4CD2737CD67D}.Debug|x86.Build.0 = Debug|Any CPU
		{9F567D8F-CF2D-4C4A-A741-4CD2737CD67D}.Release|Any CPU.ActiveCfg = Release|Any CPU
		{9F567D8F-CF2D-4C4A-A741-4CD2737CD67D}.Release|Any CPU.Build.0 = Release|Any CPU
		{9F567D8F-CF2D-4C4A-A741-4CD2737CD67D}.Release|x64.ActiveCfg = Release|Any CPU
		{9F567D8F-CF2D-4C4A-A741-4CD2737CD67D}.Release|x64.Build.0 = Release|Any CPU
		{9F567D8F-CF2D-4C4A-A741-4CD2737CD67D}.Release|x86.ActiveCfg = Release|Any CPU
		{9F567D8F-CF2D-4C4A-A741-4CD2737CD67D}.Release|x86.Build.0 = Release|Any CPU
		{5BE06CFF-33A3-4239-B22F-07B7DDC6500C}.Debug|Any CPU.ActiveCfg = Debug|Any CPU
		{5BE06CFF-33A3-4239-B22F-07B7DDC6500C}.Debug|Any CPU.Build.0 = Debug|Any CPU
		{5BE06CFF-33A3-4239-B22F-07B7DDC6500C}.Debug|x64.ActiveCfg = Debug|Any CPU
		{5BE06CFF-33A3-4239-B22F-07B7DDC6500C}.Debug|x64.Build.0 = Debug|Any CPU
		{5BE06CFF-33A3-4239-B22F-07B7DDC6500C}.Debug|x86.ActiveCfg = Debug|Any CPU
		{5BE06CFF-33A3-4239-B22F-07B7DDC6500C}.Debug|x86.Build.0 = Debug|Any CPU
		{5BE06CFF-33A3-4239-B22F-07B7DDC6500C}.Release|Any CPU.ActiveCfg = Release|Any CPU
		{5BE06CFF-33A3-4239-B22F-07B7DDC6500C}.Release|Any CPU.Build.0 = Release|Any CPU
		{5BE06CFF-33A3-4239-B22F-07B7DDC6500C}.Release|x64.ActiveCfg = Release|Any CPU
		{5BE06CFF-33A3-4239-B22F-07B7DDC6500C}.Release|x64.Build.0 = Release|Any CPU
		{5BE06CFF-33A3-4239-B22F-07B7DDC6500C}.Release|x86.ActiveCfg = Release|Any CPU
		{5BE06CFF-33A3-4239-B22F-07B7DDC6500C}.Release|x86.Build.0 = Release|Any CPU
	EndGlobalSection
EndGlobal
